# This file is automatically @generated by Cargo.
# It is not intended for manual editing.
version = 3

[[package]]
name = "async-think"
version = "0.1.0"
dependencies = [
 "cassette",
]

[[package]]
name = "cassette"
version = "0.2.3"
source = "registry+https://github.com/rust-lang/crates.io-index"
checksum = "cbd8c26731af5780bdbf9b6e7823246b3d462bcaa927802262b338e89115c362"
